# This file is generated by running "yarn install" inside your project.
# Manual changes might be lost - proceed with caution!

__metadata:
  version: 4
  cacheKey: 7

"@chastelock/testcase@workspace:.":
  version: 0.0.0-use.local
  resolution: "@chastelock/testcase@workspace:."
  dependencies:
    react: ^19.0.0
    react-dom: ^19.0.0
    react-router: ^7.2.0
  languageName: unknown
  linkType: soft

"@types/cookie@npm:^0.6.0":
  version: 0.6.0
  resolution: "@types/cookie@npm:0.6.0"
  checksum: f4aa264a5af8c63cbb78c4c5de4743ffca9120af6c47ec15d77da97c1caf1cde381776b5c57a03fcd251eeaed81de684a437f3c4d60f7492b4982e0d0f7c99fa
  languageName: node
  linkType: hard

"cookie@npm:^1.0.1":
  version: 1.0.2
  resolution: "cookie@npm:1.0.2"
  checksum: b0346db1a20fdff372728e55c13d5a4ea5b5c2b06ada0aa8817b2bcec7884eba01484f59e37fec8830d3db2e9178e7ff84eb13e183c87b4ccb3802d61ec81bf2
  languageName: node
  linkType: hard

"react-dom@npm:^19.0.0":
  version: 19.0.0
  resolution: "react-dom@npm:19.0.0"
  dependencies:
    scheduler: ^0.25.0
  peerDependencies:
    react: ^19.0.0
  checksum: 9bd4eef5c92fd3996b4a84ef03e4c03f0b526a574fe24042904470bcdf1304a96e3e46ca8cea89fede3382e8aae4479e1b52649060d1bc7faa6d9dbdcf6ee2c1
  languageName: node
  linkType: hard

"react-router@npm:^7.2.0":
  version: 7.2.0
  resolution: "react-router@npm:7.2.0"
  dependencies:
    "@types/cookie": ^0.6.0
    cookie: ^1.0.1
    set-cookie-parser: ^2.6.0
    turbo-stream: 2.4.0
  peerDependencies:
    react: ">=18"
    react-dom: ">=18"
  peerDependenciesMeta:
    react-dom:
      optional: true
  checksum: 05c79d86639f146aafc64351bb042acd785dbb69c7874ad8e0a3f5f3e70890b1b3ee07d0e18f8cebaffd62bca47e58d0645b07d1cc428a73ba449ce378cbef01
  languageName: node
  linkType: hard

"react@npm:^19.0.0":
  version: 19.0.0
  resolution: "react@npm:19.0.0"
  checksum: 945974326f0c9460c61f85bb4e3029a476302dd9d7262ae252bd9b39496d655315d1bcf9f376206d50f492b39b35b466a29fbd8003f611e4ab9dc407233cfae7
  languageName: node
  linkType: hard

"scheduler@npm:^0.25.0":
  version: 0.25.0
  resolution: "scheduler@npm:0.25.0"
  checksum: f6898ebe560ae91938c1b533956e510ee88d3ef861c8af006841ec4b477fb0ee194de8fd02642ad824e11c126d4fd6309c5ed3094aae033aacc5e2b517bfc222
  languageName: node
  linkType: hard

"set-cookie-parser@npm:^2.6.0":
  version: 2.7.1
  resolution: "set-cookie-parser@npm:2.7.1"
  checksum: e026e0a355e1d0462cfb54eb0f429cd167c42da0829396c705469b30c887e8ccb3d32faa22b7823283d21cb5470df67980bc507140bf4ea2c4350083b5102b84
  languageName: node
  linkType: hard

"turbo-stream@npm:2.4.0":
  version: 2.4.0
  resolution: "turbo-stream@npm:2.4.0"
  checksum: 27b8ca0bfe8ae7f00ca667fef6cf603517a1261ccf8db5f48c0e9e1b05a3ce4ccbd0639a2e4d0e7fe181d603ecc1d06bdf919fec73f53260652d8c651218f1f9
  languageName: node
  linkType: hard
