# This file is generated by running "yarn install" inside your project.
# Manual changes might be lost - proceed with caution!

__metadata:
  version: 6
  cacheKey: 8

"eventemitter3@npm:^4.0.0":
  version: 4.0.7
  resolution: "eventemitter3@npm:4.0.7"
  checksum: 1875311c42fcfe9c707b2712c32664a245629b42bb0a5a84439762dd0fd637fc54d078155ea83c2af9e0323c9ac13687e03cfba79b03af9f40c89b4960099374
  languageName: node
  linkType: hard

"follow-redirects@npm:^1.0.0":
  version: 1.15.5
  resolution: "follow-redirects@npm:1.15.5"
  peerDependenciesMeta:
    debug:
      optional: true
  checksum: 5ca49b5ce6f44338cbfc3546823357e7a70813cecc9b7b768158a1d32c1e62e7407c944402a918ea8c38ae2e78266312d617dc68783fac502cbb55e1047b34ec
  languageName: node
  linkType: hard

"http-proxy@github:settlemint/node-http-proxy#master":
  version: 1.18.1
  resolution: "http-proxy@https://github.com/settlemint/node-http-proxy.git#commit=a19114ff99d40de15ef1112fe344e31f2328e521"
  dependencies:
    eventemitter3: ^4.0.0
    follow-redirects: ^1.0.0
    requires-port: ^1.0.0
  checksum: 97bac218fcc81afc9174c223671812e351b60d4c1610afbb9266bcdd26749c6deecda612bfb120d4bb15a20e47b4165b713ad1199bd09b231e81aa4aa5d5bb36
  languageName: node
  linkType: hard

"requires-port@npm:^1.0.0":
  version: 1.0.0
  resolution: "requires-port@npm:1.0.0"
  checksum: eee0e303adffb69be55d1a214e415cf42b7441ae858c76dfc5353148644f6fd6e698926fc4643f510d5c126d12a705e7c8ed7e38061113bdf37547ab356797ff
  languageName: node
  linkType: hard

"test@workspace:.":
  version: 0.0.0-use.local
  resolution: "test@workspace:."
  dependencies:
    http-proxy: "github:settlemint/node-http-proxy#master"
  languageName: unknown
  linkType: soft
