# THIS IS AN AUTOGENERATED FILE. DO NOT EDIT THIS FILE DIRECTLY.
# yarn lockfile v1


eventemitter3@^4.0.0:
  version "4.0.7"
  resolved "https://registry.yarnpkg.com/eventemitter3/-/eventemitter3-4.0.7.tgz#2de9b68f6528d5644ef5c59526a1b4a07306169f"
  integrity sha512-8guHBZCwKnFhYdHr2ysuRWErTwhoN2X8XELRlrRwpmfeY2jjuUN4taQMsULKUVo1K4DvZl+0pgfyoysHxvmvEw==

follow-redirects@^1.0.0:
  version "1.15.5"
  resolved "https://registry.yarnpkg.com/follow-redirects/-/follow-redirects-1.15.5.tgz#54d4d6d062c0fa7d9d17feb008461550e3ba8020"
  integrity sha512-vSFWUON1B+yAw1VN4xMfxgn5fTUiaOzAJCKBwIIgT/+7CuGy9+r+5gITvP62j3RmaD5Ph65UaERdOSRGUzZtgw==

"http-proxy@github:settlemint/node-http-proxy#master":
  version "1.18.1"
  resolved "https://codeload.github.com/settlemint/node-http-proxy/tar.gz/a19114ff99d40de15ef1112fe344e31f2328e521"
  dependencies:
    eventemitter3 "^4.0.0"
    follow-redirects "^1.0.0"
    requires-port "^1.0.0"

requires-port@^1.0.0:
  version "1.0.0"
  resolved "https://registry.yarnpkg.com/requires-port/-/requires-port-1.0.0.tgz#925d2601d39ac485e091cf0da5c6e694dc3dcaff"
  integrity sha512-KigOCHcocU3XODJxsu8i/j8T9tzT4adHiecwORRQ0ZZFcp7ahwXuRU1m+yuO90C5ZUyGeGfocHDI14M3L3yDAQ==
