# THIS IS AN AUTOGENERATED FILE. DO NOT EDIT THIS FILE DIRECTLY.
# yarn lockfile v1
# bun ./bun.lockb --hash: F39C40069C5699FE-e92f957eedaf1599-2F0AC20C0586FF34-dc453d623755d47b


"@a/verboden(name~'!*)@https://s.lnl.gay/@a/verboden(name~'!*)/-/verboden(name~'!*)-1.0.0.tgz":
  version "https://s.lnl.gay/@a/verboden(name~'!*)/-/verboden(name~'!*)-1.0.0.tgz"
  resolved "https://s.lnl.gay/@a/verboden(name~'!*)/-/verboden(name~'!*)-1.0.0.tgz"
