# This file is generated by running "yarn install" inside your project.
# Manual changes might be lost - proceed with caution!

__metadata:
  version: 4
  cacheKey: 7

"@chastelock/testcase@workspace:.":
  version: 0.0.0-use.local
  resolution: "@chastelock/testcase@workspace:."
  dependencies:
    jsonfile: 4.0.0
  languageName: unknown
  linkType: soft

"graceful-fs@npm:^4.1.6":
  version: 4.2.11
  resolution: "graceful-fs@npm:4.2.11"
  checksum: 99533f7c73bafc139bfc435a628272226cb46dc2b9b3dba7395dcb6c19936db28961ad9fcd648f407c32f91998fb2102a2df4dd13951a9699c5c28e2145713a9
  languageName: node
  linkType: hard

"jsonfile@npm:4.0.0":
  version: 4.0.0
  resolution: "jsonfile@npm:4.0.0"
  dependencies:
    graceful-fs: ^4.1.6
  dependenciesMeta:
    graceful-fs:
      optional: true
  checksum: a40b7b64da41c84b0dc7ad753737ba240bb0dc50a94be20ec0b73459707dede69a6f89eb44b4d29e6994ed93ddf8c9b6e57f6b1f09dd707567959880ad6cee7f
  languageName: node
  linkType: hard
